
Microsoft Visual Studio Solution File, Format Version 12.00
# Visual Studio Version 17
VisualStudioVersion = 17.3.32811.315
MinimumVisualStudioVersion = 10.0.40219.1
Project("{FAE04EC0-301F-11D3-BF4B-00C04F79EFBC}") = "MCPacker", "MCPacker\MCPacker.csproj", "{FDAD5EB1-F8F9-465F-8F90-A67200CCB756}"
EndProject
Global
	GlobalSection(SolutionConfigurationPlatforms) = preSolution
		Debug|Any CPU = Debug|Any CPU
		Release|Any CPU = Release|Any CPU
	EndGlobalSection
	GlobalSection(ProjectConfigurationPlatforms) = postSolution
		{FDAD5EB1-F8F9-465F-8F90-A67200CCB756}.Debug|Any CPU.ActiveCfg = Debug|Any CPU
		{FDAD5EB1-F8F9-465F-8F90-A67200CCB756}.Debug|Any CPU.Build.0 = Debug|Any CPU
		{FDAD5EB1-F8F9-465F-8F90-A67200CCB756}.Release|Any CPU.ActiveCfg = Release|Any CPU
		{FDAD5EB1-F8F9-465F-8F90-A67200CCB756}.Release|Any CPU.Build.0 = Release|Any CPU
	EndGlobalSection
	GlobalSection(SolutionProperties) = preSolution
		HideSolutionNode = FALSE
	EndGlobalSection
	GlobalSection(ExtensibilityGlobals) = postSolution
		SolutionGuid = {9DB8ABDA-7432-4F4E-BD92-6232E6693277}
	EndGlobalSection
EndGlobal
